
Microsoft Visual Studio Solution File, Format Version 12.00
# Visual Studio Version 16
VisualStudioVersion = 16.0.30804.86
MinimumVisualStudioVersion = 10.0.40219.1
Project("{9A19103F-16F7-4668-BE54-9A1E7A4F7556}") = "IntroMVC", "IntroMVC.csproj", "{78D78495-90EF-49DC-A3C8-43C2552C86D7}"
EndProject
Project("{9A19103F-16F7-4668-BE54-9A1E7A4F7556}") = "IntroAPI", "..\IntroAPI\IntroAPI.csproj", "{7232E5F6-A1C7-4605-8FF0-97FD2BA1D9D6}"
EndProject
Project("{FAE04EC0-301F-11D3-BF4B-00C04F79EFBC}") = "Intro Teste", "..\Intro Teste\Intro Teste.csproj", "{DC2382F7-2EDD-4FAE-BB9F-52F44ABCD97F}"
EndProject
Global
	GlobalSection(SolutionConfigurationPlatforms) = preSolution
		Debug|Any CPU = Debug|Any CPU
		Release|Any CPU = Release|Any CPU
	EndGlobalSection
	GlobalSection(ProjectConfigurationPlatforms) = postSolution
		{78D78495-90EF-49DC-A3C8-43C2552C86D7}.Debug|Any CPU.ActiveCfg = Debug|Any CPU
		{78D78495-90EF-49DC-A3C8-43C2552C86D7}.Debug|Any CPU.Build.0 = Debug|Any CPU
		{78D78495-90EF-49DC-A3C8-43C2552C86D7}.Release|Any CPU.ActiveCfg = Release|Any CPU
		{78D78495-90EF-49DC-A3C8-43C2552C86D7}.Release|Any CPU.Build.0 = Release|Any CPU
		{7232E5F6-A1C7-4605-8FF0-97FD2BA1D9D6}.Debug|Any CPU.ActiveCfg = Debug|Any CPU
		{7232E5F6-A1C7-4605-8FF0-97FD2BA1D9D6}.Debug|Any CPU.Build.0 = Debug|Any CPU
		{7232E5F6-A1C7-4605-8FF0-97FD2BA1D9D6}.Release|Any CPU.ActiveCfg = Release|Any CPU
		{7232E5F6-A1C7-4605-8FF0-97FD2BA1D9D6}.Release|Any CPU.Build.0 = Release|Any CPU
		{DC2382F7-2EDD-4FAE-BB9F-52F44ABCD97F}.Debug|Any CPU.ActiveCfg = Debug|Any CPU
		{DC2382F7-2EDD-4FAE-BB9F-52F44ABCD97F}.Debug|Any CPU.Build.0 = Debug|Any CPU
		{DC2382F7-2EDD-4FAE-BB9F-52F44ABCD97F}.Release|Any CPU.ActiveCfg = Release|Any CPU
		{DC2382F7-2EDD-4FAE-BB9F-52F44ABCD97F}.Release|Any CPU.Build.0 = Release|Any CPU
	EndGlobalSection
	GlobalSection(SolutionProperties) = preSolution
		HideSolutionNode = FALSE
	EndGlobalSection
	GlobalSection(ExtensibilityGlobals) = postSolution
		SolutionGuid = {305F7C80-1AD8-4201-91DE-C6CD49855016}
	EndGlobalSection
EndGlobal
